
Microsoft Visual Studio Solution File, Format Version 12.00
# Visual Studio Version 17
VisualStudioVersion = 17.14.36221.1 d17.14
MinimumVisualStudioVersion = 10.0.40219.1
Project("{FAE04EC0-301F-11D3-BF4B-00C04F79EFBC}") = "PTCNarrativeDesignTool", "PTCNarrativeDesignTool\PTCNarrativeDesignTool.csproj", "{1AA138D5-1C42-417A-BD5C-E3A2753E563B}"
EndProject
Global
	GlobalSection(SolutionConfigurationPlatforms) = preSolution
		Debug|Any CPU = Debug|Any CPU
		Release|Any CPU = Release|Any CPU
	EndGlobalSection
	GlobalSection(ProjectConfigurationPlatforms) = postSolution
		{1AA138D5-1C42-417A-BD5C-E3A2753E563B}.Debug|Any CPU.ActiveCfg = Debug|Any CPU
		{1AA138D5-1C42-417A-BD5C-E3A2753E563B}.Debug|Any CPU.Build.0 = Debug|Any CPU
		{1AA138D5-1C42-417A-BD5C-E3A2753E563B}.Release|Any CPU.ActiveCfg = Release|Any CPU
		{1AA138D5-1C42-417A-BD5C-E3A2753E563B}.Release|Any CPU.Build.0 = Release|Any CPU
	EndGlobalSection
	GlobalSection(SolutionProperties) = preSolution
		HideSolutionNode = FALSE
	EndGlobalSection
	GlobalSection(ExtensibilityGlobals) = postSolution
		SolutionGuid = {A2891846-09C2-4909-B94E-F923A9F9B822}
	EndGlobalSection
EndGlobal
